
Microsoft Visual Studio Solution File, Format Version 12.00
# Visual Studio Version 17
VisualStudioVersion = 17.3.32929.385
MinimumVisualStudioVersion = 10.0.40219.1
Project("{FAE04EC0-301F-11D3-BF4B-00C04F79EFBC}") = "kamp", "kamp\kamp.csproj", "{45B189EF-C760-4563-9DC9-86EB3671894A}"
EndProject
Global
	GlobalSection(SolutionConfigurationPlatforms) = preSolution
		Debug|Any CPU = Debug|Any CPU
		Release|Any CPU = Release|Any CPU
	EndGlobalSection
	GlobalSection(ProjectConfigurationPlatforms) = postSolution
		{45B189EF-C760-4563-9DC9-86EB3671894A}.Debug|Any CPU.ActiveCfg = Debug|Any CPU
		{45B189EF-C760-4563-9DC9-86EB3671894A}.Debug|Any CPU.Build.0 = Debug|Any CPU
		{45B189EF-C760-4563-9DC9-86EB3671894A}.Release|Any CPU.ActiveCfg = Release|Any CPU
		{45B189EF-C760-4563-9DC9-86EB3671894A}.Release|Any CPU.Build.0 = Release|Any CPU
	EndGlobalSection
	GlobalSection(SolutionProperties) = preSolution
		HideSolutionNode = FALSE
	EndGlobalSection
	GlobalSection(ExtensibilityGlobals) = postSolution
		SolutionGuid = {CEDED840-8235-4DF6-8C41-4E63ED08E905}
	EndGlobalSection
EndGlobal
